
Microsoft Visual Studio Solution File, Format Version 12.00
# Visual Studio 15
VisualStudioVersion = 15.0.28307.1169
MinimumVisualStudioVersion = 10.0.40219.1
Project("{FAE04EC0-301F-11D3-BF4B-00C04F79EFBC}") = "Expresso.Android", "Expresso\Expresso.Android\Expresso.Android.csproj", "{43F65D42-C580-4F8F-A4D0-6B9D796BC5D7}"
EndProject
Project("{FAE04EC0-301F-11D3-BF4B-00C04F79EFBC}") = "Expresso.iOS", "Expresso\Expresso.iOS\Expresso.iOS.csproj", "{94999AA5-8CB4-40AD-B187-69272E6DED4D}"
EndProject
Project("{FAE04EC0-301F-11D3-BF4B-00C04F79EFBC}") = "Expresso", "Expresso\Expresso\Expresso.csproj", "{D4A7C3F9-72FD-4EE8-B129-982AFF7F21BC}"
EndProject
Global
	GlobalSection(SolutionConfigurationPlatforms) = preSolution
		Ad-Hoc|Any CPU = Ad-Hoc|Any CPU
		Ad-Hoc|iPhone = Ad-Hoc|iPhone
		Ad-Hoc|iPhoneSimulator = Ad-Hoc|iPhoneSimulator
		AppStore|Any CPU = AppStore|Any CPU
		AppStore|iPhone = AppStore|iPhone
		AppStore|iPhoneSimulator = AppStore|iPhoneSimulator
		Debug|Any CPU = Debug|Any CPU
		Debug|iPhone = Debug|iPhone
		Debug|iPhoneSimulator = Debug|iPhoneSimulator
		Release|Any CPU = Release|Any CPU
		Release|iPhone = Release|iPhone
		Release|iPhoneSimulator = Release|iPhoneSimulator
	EndGlobalSection
	GlobalSection(ProjectConfigurationPlatforms) = postSolution
		{43F65D42-C580-4F8F-A4D0-6B9D796BC5D7}.Ad-Hoc|Any CPU.ActiveCfg = Release|Any CPU
		{43F65D42-C580-4F8F-A4D0-6B9D796BC5D7}.Ad-Hoc|Any CPU.Build.0 = Release|Any CPU
		{43F65D42-C580-4F8F-A4D0-6B9D796BC5D7}.Ad-Hoc|Any CPU.Deploy.0 = Release|Any CPU
		{43F65D42-C580-4F8F-A4D0-6B9D796BC5D7}.Ad-Hoc|iPhone.ActiveCfg = Release|Any CPU
		{43F65D42-C580-4F8F-A4D0-6B9D796BC5D7}.Ad-Hoc|iPhone.Build.0 = Release|Any CPU
		{43F65D42-C580-4F8F-A4D0-6B9D796BC5D7}.Ad-Hoc|iPhone.Deploy.0 = Release|Any CPU
		{43F65D42-C580-4F8F-A4D0-6B9D796BC5D7}.Ad-Hoc|iPhoneSimulator.ActiveCfg = Release|Any CPU
		{43F65D42-C580-4F8F-A4D0-6B9D796BC5D7}.Ad-Hoc|iPhoneSimulator.Build.0 = Release|Any CPU
		{43F65D42-C580-4F8F-A4D0-6B9D796BC5D7}.Ad-Hoc|iPhoneSimulator.Deploy.0 = Release|Any CPU
		{43F65D42-C580-4F8F-A4D0-6B9D796BC5D7}.AppStore|Any CPU.ActiveCfg = Release|Any CPU
		{43F65D42-C580-4F8F-A4D0-6B9D796BC5D7}.AppStore|Any CPU.Build.0 = Release|Any CPU
		{43F65D42-C580-4F8F-A4D0-6B9D796BC5D7}.AppStore|Any CPU.Deploy.0 = Release|Any CPU
		{43F65D42-C580-4F8F-A4D0-6B9D796BC5D7}.AppStore|iPhone.ActiveCfg = Release|Any CPU
		{43F65D42-C580-4F8F-A4D0-6B9D796BC5D7}.AppStore|iPhone.Build.0 = Release|Any CPU
		{43F65D42-C580-4F8F-A4D0-6B9D796BC5D7}.AppStore|iPhone.Deploy.0 = Release|Any CPU
		{43F65D42-C580-4F8F-A4D0-6B9D796BC5D7}.AppStore|iPhoneSimulator.ActiveCfg = Release|Any CPU
		{43F65D42-C580-4F8F-A4D0-6B9D796BC5D7}.AppStore|iPhoneSimulator.Build.0 = Release|Any CPU
		{43F65D42-C580-4F8F-A4D0-6B9D796BC5D7}.AppStore|iPhoneSimulator.Deploy.0 = Release|Any CPU
		{43F65D42-C580-4F8F-A4D0-6B9D796BC5D7}.Debug|Any CPU.ActiveCfg = Debug|Any CPU
		{43F65D42-C580-4F8F-A4D0-6B9D796BC5D7}.Debug|Any CPU.Build.0 = Debug|Any CPU
		{43F65D42-C580-4F8F-A4D0-6B9D796BC5D7}.Debug|Any CPU.Deploy.0 = Debug|Any CPU
		{43F65D42-C580-4F8F-A4D0-6B9D796BC5D7}.Debug|iPhone.ActiveCfg = Debug|Any CPU
		{43F65D42-C580-4F8F-A4D0-6B9D796BC5D7}.Debug|iPhone.Build.0 = Debug|Any CPU
		{43F65D42-C580-4F8F-A4D0-6B9D796BC5D7}.Debug|iPhone.Deploy.0 = Debug|Any CPU
		{43F65D42-C580-4F8F-A4D0-6B9D796BC5D7}.Debug|iPhoneSimulator.ActiveCfg = Debug|Any CPU
		{43F65D42-C580-4F8F-A4D0-6B9D796BC5D7}.Debug|iPhoneSimulator.Build.0 = Debug|Any CPU
		{43F65D42-C580-4F8F-A4D0-6B9D796BC5D7}.Debug|iPhoneSimulator.Deploy.0 = Debug|Any CPU
		{43F65D42-C580-4F8F-A4D0-6B9D796BC5D7}.Release|Any CPU.ActiveCfg = Release|Any CPU
		{43F65D42-C580-4F8F-A4D0-6B9D796BC5D7}.Release|Any CPU.Build.0 = Release|Any CPU
		{43F65D42-C580-4F8F-A4D0-6B9D796BC5D7}.Release|Any CPU.Deploy.0 = Release|Any CPU
		{43F65D42-C580-4F8F-A4D0-6B9D796BC5D7}.Release|iPhone.ActiveCfg = Release|Any CPU
		{43F65D42-C580-4F8F-A4D0-6B9D796BC5D7}.Release|iPhone.Build.0 = Release|Any CPU
		{43F65D42-C580-4F8F-A4D0-6B9D796BC5D7}.Release|iPhone.Deploy.0 = Release|Any CPU
		{43F65D42-C580-4F8F-A4D0-6B9D796BC5D7}.Release|iPhoneSimulator.ActiveCfg = Release|Any CPU
		{43F65D42-C580-4F8F-A4D0-6B9D796BC5D7}.Release|iPhoneSimulator.Build.0 = Release|Any CPU
		{43F65D42-C580-4F8F-A4D0-6B9D796BC5D7}.Release|iPhoneSimulator.Deploy.0 = Release|Any CPU
		{94999AA5-8CB4-40AD-B187-69272E6DED4D}.Ad-Hoc|Any CPU.ActiveCfg = Ad-Hoc|iPhone
		{94999AA5-8CB4-40AD-B187-69272E6DED4D}.Ad-Hoc|Any CPU.Build.0 = Ad-Hoc|iPhone
		{94999AA5-8CB4-40AD-B187-69272E6DED4D}.Ad-Hoc|Any CPU.Deploy.0 = Ad-Hoc|iPhone
		{94999AA5-8CB4-40AD-B187-69272E6DED4D}.Ad-Hoc|iPhone.ActiveCfg = Ad-Hoc|iPhone
		{94999AA5-8CB4-40AD-B187-69272E6DED4D}.Ad-Hoc|iPhone.Build.0 = Ad-Hoc|iPhone
		{94999AA5-8CB4-40AD-B187-69272E6DED4D}.Ad-Hoc|iPhone.Deploy.0 = Ad-Hoc|iPhone
		{94999AA5-8CB4-40AD-B187-69272E6DED4D}.Ad-Hoc|iPhoneSimulator.ActiveCfg = Ad-Hoc|iPhoneSimulator
		{94999AA5-8CB4-40AD-B187-69272E6DED4D}.Ad-Hoc|iPhoneSimulator.Build.0 = Ad-Hoc|iPhoneSimulator
		{94999AA5-8CB4-40AD-B187-69272E6DED4D}.Ad-Hoc|iPhoneSimulator.Deploy.0 = Ad-Hoc|iPhoneSimulator
		{94999AA5-8CB4-40AD-B187-69272E6DED4D}.AppStore|Any CPU.ActiveCfg = AppStore|iPhone
		{94999AA5-8CB4-40AD-B187-69272E6DED4D}.AppStore|Any CPU.Build.0 = AppStore|iPhone
		{94999AA5-8CB4-40AD-B187-69272E6DED4D}.AppStore|Any CPU.Deploy.0 = AppStore|iPhone
		{94999AA5-8CB4-40AD-B187-69272E6DED4D}.AppStore|iPhone.ActiveCfg = AppStore|iPhone
		{94999AA5-8CB4-40AD-B187-69272E6DED4D}.AppStore|iPhone.Build.0 = AppStore|iPhone
		{94999AA5-8CB4-40AD-B187-69272E6DED4D}.AppStore|iPhone.Deploy.0 = AppStore|iPhone
		{94999AA5-8CB4-40AD-B187-69272E6DED4D}.AppStore|iPhoneSimulator.ActiveCfg = AppStore|iPhoneSimulator
		{94999AA5-8CB4-40AD-B187-69272E6DED4D}.AppStore|iPhoneSimulator.Build.0 = AppStore|iPhoneSimulator
		{94999AA5-8CB4-40AD-B187-69272E6DED4D}.AppStore|iPhoneSimulator.Deploy.0 = AppStore|iPhoneSimulator
		{94999AA5-8CB4-40AD-B187-69272E6DED4D}.Debug|Any CPU.ActiveCfg = Debug|iPhoneSimulator
		{94999AA5-8CB4-40AD-B187-69272E6DED4D}.Debug|Any CPU.Build.0 = Debug|iPhoneSimulator
		{94999AA5-8CB4-40AD-B187-69272E6DED4D}.Debug|Any CPU.Deploy.0 = Debug|iPhoneSimulator
		{94999AA5-8CB4-40AD-B187-69272E6DED4D}.Debug|iPhone.ActiveCfg = Debug|iPhone
		{94999AA5-8CB4-40AD-B187-69272E6DED4D}.Debug|iPhone.Build.0 = Debug|iPhone
		{94999AA5-8CB4-40AD-B187-69272E6DED4D}.Debug|iPhone.Deploy.0 = Debug|iPhone
		{94999AA5-8CB4-40AD-B187-69272E6DED4D}.Debug|iPhoneSimulator.ActiveCfg = Debug|iPhoneSimulator
		{94999AA5-8CB4-40AD-B187-69272E6DED4D}.Debug|iPhoneSimulator.Build.0 = Debug|iPhoneSimulator
		{94999AA5-8CB4-40AD-B187-69272E6DED4D}.Debug|iPhoneSimulator.Deploy.0 = Debug|iPhoneSimulator
		{94999AA5-8CB4-40AD-B187-69272E6DED4D}.Release|Any CPU.ActiveCfg = Release|iPhone
		{94999AA5-8CB4-40AD-B187-69272E6DED4D}.Release|Any CPU.Build.0 = Release|iPhone
		{94999AA5-8CB4-40AD-B187-69272E6DED4D}.Release|Any CPU.Deploy.0 = Release|iPhone
		{94999AA5-8CB4-40AD-B187-69272E6DED4D}.Release|iPhone.ActiveCfg = Release|iPhone
		{94999AA5-8CB4-40AD-B187-69272E6DED4D}.Release|iPhone.Build.0 = Release|iPhone
		{94999AA5-8CB4-40AD-B187-69272E6DED4D}.Release|iPhone.Deploy.0 = Release|iPhone
		{94999AA5-8CB4-40AD-B187-69272E6DED4D}.Release|iPhoneSimulator.ActiveCfg = Release|iPhoneSimulator
		{94999AA5-8CB4-40AD-B187-69272E6DED4D}.Release|iPhoneSimulator.Build.0 = Release|iPhoneSimulator
		{94999AA5-8CB4-40AD-B187-69272E6DED4D}.Release|iPhoneSimulator.Deploy.0 = Release|iPhoneSimulator
		{D4A7C3F9-72FD-4EE8-B129-982AFF7F21BC}.Ad-Hoc|Any CPU.ActiveCfg = Debug|Any CPU
		{D4A7C3F9-72FD-4EE8-B129-982AFF7F21BC}.Ad-Hoc|Any CPU.Build.0 = Debug|Any CPU
		{D4A7C3F9-72FD-4EE8-B129-982AFF7F21BC}.Ad-Hoc|Any CPU.Deploy.0 = Debug|Any CPU
		{D4A7C3F9-72FD-4EE8-B129-982AFF7F21BC}.Ad-Hoc|iPhone.ActiveCfg = Debug|Any CPU
		{D4A7C3F9-72FD-4EE8-B129-982AFF7F21BC}.Ad-Hoc|iPhone.Build.0 = Debug|Any CPU
		{D4A7C3F9-72FD-4EE8-B129-982AFF7F21BC}.Ad-Hoc|iPhone.Deploy.0 = Debug|Any CPU
		{D4A7C3F9-72FD-4EE8-B129-982AFF7F21BC}.Ad-Hoc|iPhoneSimulator.ActiveCfg = Debug|Any CPU
		{D4A7C3F9-72FD-4EE8-B129-982AFF7F21BC}.Ad-Hoc|iPhoneSimulator.Build.0 = Debug|Any CPU
		{D4A7C3F9-72FD-4EE8-B129-982AFF7F21BC}.Ad-Hoc|iPhoneSimulator.Deploy.0 = Debug|Any CPU
		{D4A7C3F9-72FD-4EE8-B129-982AFF7F21BC}.AppStore|Any CPU.ActiveCfg = Debug|Any CPU
		{D4A7C3F9-72FD-4EE8-B129-982AFF7F21BC}.AppStore|Any CPU.Build.0 = Debug|Any CPU
		{D4A7C3F9-72FD-4EE8-B129-982AFF7F21BC}.AppStore|Any CPU.Deploy.0 = Debug|Any CPU
		{D4A7C3F9-72FD-4EE8-B129-982AFF7F21BC}.AppStore|iPhone.ActiveCfg = Debug|Any CPU
		{D4A7C3F9-72FD-4EE8-B129-982AFF7F21BC}.AppStore|iPhone.Build.0 = Debug|Any CPU
		{D4A7C3F9-72FD-4EE8-B129-982AFF7F21BC}.AppStore|iPhone.Deploy.0 = Debug|Any CPU
		{D4A7C3F9-72FD-4EE8-B129-982AFF7F21BC}.AppStore|iPhoneSimulator.ActiveCfg = Debug|Any CPU
		{D4A7C3F9-72FD-4EE8-B129-982AFF7F21BC}.AppStore|iPhoneSimulator.Build.0 = Debug|Any CPU
		{D4A7C3F9-72FD-4EE8-B129-982AFF7F21BC}.AppStore|iPhoneSimulator.Deploy.0 = Debug|Any CPU
		{D4A7C3F9-72FD-4EE8-B129-982AFF7F21BC}.Debug|Any CPU.ActiveCfg = Debug|Any CPU
		{D4A7C3F9-72FD-4EE8-B129-982AFF7F21BC}.Debug|Any CPU.Build.0 = Debug|Any CPU
		{D4A7C3F9-72FD-4EE8-B129-982AFF7F21BC}.Debug|Any CPU.Deploy.0 = Debug|Any CPU
		{D4A7C3F9-72FD-4EE8-B129-982AFF7F21BC}.Debug|iPhone.ActiveCfg = Debug|Any CPU
		{D4A7C3F9-72FD-4EE8-B129-982AFF7F21BC}.Debug|iPhone.Build.0 = Debug|Any CPU
		{D4A7C3F9-72FD-4EE8-B129-982AFF7F21BC}.Debug|iPhone.Deploy.0 = Debug|Any CPU
		{D4A7C3F9-72FD-4EE8-B129-982AFF7F21BC}.Debug|iPhoneSimulator.ActiveCfg = Debug|Any CPU
		{D4A7C3F9-72FD-4EE8-B129-982AFF7F21BC}.Debug|iPhoneSimulator.Build.0 = Debug|Any CPU
		{D4A7C3F9-72FD-4EE8-B129-982AFF7F21BC}.Debug|iPhoneSimulator.Deploy.0 = Debug|Any CPU
		{D4A7C3F9-72FD-4EE8-B129-982AFF7F21BC}.Release|Any CPU.ActiveCfg = Release|Any CPU
		{D4A7C3F9-72FD-4EE8-B129-982AFF7F21BC}.Release|Any CPU.Build.0 = Release|Any CPU
		{D4A7C3F9-72FD-4EE8-B129-982AFF7F21BC}.Release|Any CPU.Deploy.0 = Release|Any CPU
		{D4A7C3F9-72FD-4EE8-B129-982AFF7F21BC}.Release|iPhone.ActiveCfg = Release|Any CPU
		{D4A7C3F9-72FD-4EE8-B129-982AFF7F21BC}.Release|iPhone.Build.0 = Release|Any CPU
		{D4A7C3F9-72FD-4EE8-B129-982AFF7F21BC}.Release|iPhone.Deploy.0 = Release|Any CPU
		{D4A7C3F9-72FD-4EE8-B129-982AFF7F21BC}.Release|iPhoneSimulator.ActiveCfg = Release|Any CPU
		{D4A7C3F9-72FD-4EE8-B129-982AFF7F21BC}.Release|iPhoneSimulator.Build.0 = Release|Any CPU
		{D4A7C3F9-72FD-4EE8-B129-982AFF7F21BC}.Release|iPhoneSimulator.Deploy.0 = Release|Any CPU
	EndGlobalSection
	GlobalSection(SolutionProperties) = preSolution
		HideSolutionNode = FALSE
	EndGlobalSection
	GlobalSection(ExtensibilityGlobals) = postSolution
		SolutionGuid = {68E3F030-D5EE-415E-946E-84BD38D6C8B2}
	EndGlobalSection
EndGlobal
